{
  "nodes": {
    "http2": {
      "flake": false,
      "locked": {
        "lastModified": 1766983985,
        "narHash": "sha256-DlbrRrzc4RVtru1rd/TzARwrq7iP+oKp3biLJ/cVDKM=",
        "owner": "kazu-yamamoto",
        "repo": "http2",
        "rev": "47b38d72b4c09ab8b55ac55824ae6cadbded5ab7",
        "type": "github"
      },
      "original": {
        "owner": "kazu-yamamoto",
        "repo": "http2",
        "type": "github"
      }
    },
    "nixpkgs": {
      "locked": {
        "lastModified": 1775888245,
        "narHash": "sha256-nwASzrRDD1JBEu/o8ekKYEXm/oJW6EMCzCRdrwcLe90=",
        "owner": "NixOS",
        "repo": "nixpkgs",
        "rev": "13043924aaa7375ce482ebe2494338e058282925",
        "type": "github"
      },
      "original": {
        "id": "nixpkgs",
        "type": "indirect"
      }
    },
    "root": {
      "inputs": {
        "http2": "http2",
        "nixpkgs": "nixpkgs"
      }
    }
  },
  "root": "root",
  "version": 7
}
